
Microsoft Visual Studio Solution File, Format Version 12.00
# Visual Studio Version 17
VisualStudioVersion = 17.7.34221.43
MinimumVisualStudioVersion = 10.0.40219.1
Project("{9A19103F-16F7-4668-BE54-9A1E7A4F7556}") = "TelegramBot", "TelegramBot\TelegramBot.csproj", "{C31BA2BD-2CB1-470C-AD2B-AEC1621A7178}"
EndProject
Project("{2150E333-8FDC-42A3-9474-1A3956D46DE8}") = "Solution Items", "Solution Items", "{70AAA567-0DAA-486D-A752-BD87F63C03A8}"
	ProjectSection(SolutionItems) = preProject
		.editorconfig = .editorconfig
	EndProjectSection
EndProject
Project("{FAE04EC0-301F-11D3-BF4B-00C04F79EFBC}") = "Tests", "Tests\Tests.csproj", "{89DB5A2A-5D33-415F-8D57-11585DF4CB83}"
EndProject
Global
	GlobalSection(SolutionConfigurationPlatforms) = preSolution
		Debug|Any CPU = Debug|Any CPU
		Release|Any CPU = Release|Any CPU
	EndGlobalSection
	GlobalSection(ProjectConfigurationPlatforms) = postSolution
		{C31BA2BD-2CB1-470C-AD2B-AEC1621A7178}.Debug|Any CPU.ActiveCfg = Debug|Any CPU
		{C31BA2BD-2CB1-470C-AD2B-AEC1621A7178}.Debug|Any CPU.Build.0 = Debug|Any CPU
		{C31BA2BD-2CB1-470C-AD2B-AEC1621A7178}.Release|Any CPU.ActiveCfg = Release|Any CPU
		{C31BA2BD-2CB1-470C-AD2B-AEC1621A7178}.Release|Any CPU.Build.0 = Release|Any CPU
		{89DB5A2A-5D33-415F-8D57-11585DF4CB83}.Debug|Any CPU.ActiveCfg = Debug|Any CPU
		{89DB5A2A-5D33-415F-8D57-11585DF4CB83}.Debug|Any CPU.Build.0 = Debug|Any CPU
		{89DB5A2A-5D33-415F-8D57-11585DF4CB83}.Release|Any CPU.ActiveCfg = Release|Any CPU
		{89DB5A2A-5D33-415F-8D57-11585DF4CB83}.Release|Any CPU.Build.0 = Release|Any CPU
	EndGlobalSection
	GlobalSection(SolutionProperties) = preSolution
		HideSolutionNode = FALSE
	EndGlobalSection
	GlobalSection(ExtensibilityGlobals) = postSolution
		SolutionGuid = {94CD1FC9-35F8-4AF4-BA3E-1C410AA7E0D6}
	EndGlobalSection
EndGlobal
